
Microsoft Visual Studio Solution File, Format Version 12.00
# Visual Studio Version 16
VisualStudioVersion = 16.0.32630.194
MinimumVisualStudioVersion = 10.0.40219.1
Project("{FAE04EC0-301F-11D3-BF4B-00C04F79EFBC}") = "MvcStokTakip", "MvcStokTakip\MvcStokTakip.csproj", "{3904D947-0586-40A4-8B8F-AEBF019315CD}"
EndProject
Global
	GlobalSection(SolutionConfigurationPlatforms) = preSolution
		Debug|Any CPU = Debug|Any CPU
		Release|Any CPU = Release|Any CPU
	EndGlobalSection
	GlobalSection(ProjectConfigurationPlatforms) = postSolution
		{3904D947-0586-40A4-8B8F-AEBF019315CD}.Debug|Any CPU.ActiveCfg = Debug|Any CPU
		{3904D947-0586-40A4-8B8F-AEBF019315CD}.Debug|Any CPU.Build.0 = Debug|Any CPU
		{3904D947-0586-40A4-8B8F-AEBF019315CD}.Release|Any CPU.ActiveCfg = Release|Any CPU
		{3904D947-0586-40A4-8B8F-AEBF019315CD}.Release|Any CPU.Build.0 = Release|Any CPU
	EndGlobalSection
	GlobalSection(SolutionProperties) = preSolution
		HideSolutionNode = FALSE
	EndGlobalSection
	GlobalSection(ExtensibilityGlobals) = postSolution
		SolutionGuid = {B4F9AFC4-7F78-4472-B691-BD567D2A12D8}
	EndGlobalSection
EndGlobal
